// !$*UTF8*$!
{
	archiveVersion = 1;
	classes = {
	};
	objectVersion = 46;
	objects = {

/* Begin PBXBuildFile section */
		3984203C1ED4013F0021E0FD /* main.m in Sources */ = {isa = PBXBuildFile; fileRef = 3984203B1ED4013F0021E0FD /* main.m */; };
		3984203F1ED4013F0021E0FD /* AppDelegate.m in Sources */ = {isa = PBXBuildFile; fileRef = 3984203E1ED4013F0021E0FD /* AppDelegate.m */; };
		398420421ED4013F0021E0FD /* ViewController.m in Sources */ = {isa = PBXBuildFile; fileRef = 398420411ED4013F0021E0FD /* ViewController.m */; };
		398420451ED4013F0021E0FD /* Main.storyboard in Resources */ = {isa = PBXBuildFile; fileRef = 398420431ED4013F0021E0FD /* Main.storyboard */; };
		398420471ED4013F0021E0FD /* Assets.xcassets in Resources */ = {isa = PBXBuildFile; fileRef = 398420461ED4013F0021E0FD /* Assets.xcassets */; };
		3984204A1ED4013F0021E0FD /* LaunchScreen.storyboard in Resources */ = {isa = PBXBuildFile; fileRef = 398420481ED4013F0021E0FD /* LaunchScreen.storyboard */; };
		398420551ED4013F0021E0FD /* CZFToolDemoTests.m in Sources */ = {isa = PBXBuildFile; fileRef = 398420541ED4013F0021E0FD /* CZFToolDemoTests.m */; };
		398420601ED4013F0021E0FD /* CZFToolDemoUITests.m in Sources */ = {isa = PBXBuildFile; fileRef = 3984205F1ED4013F0021E0FD /* CZFToolDemoUITests.m */; };
		398420761ED407BD0021E0FD /* AddImageWaterViewController.m in Sources */ = {isa = PBXBuildFile; fileRef = 398420751ED407BD0021E0FD /* AddImageWaterViewController.m */; };
		3984207A1ED40AB70021E0FD /* BeautifulImageViewController.m in Sources */ = {isa = PBXBuildFile; fileRef = 398420791ED40AB70021E0FD /* BeautifulImageViewController.m */; };
		398420801ED410000021E0FD /* TimeStampDateViewController.m in Sources */ = {isa = PBXBuildFile; fileRef = 3984207F1ED410000021E0FD /* TimeStampDateViewController.m */; };
		39B7C6231ED5606000B47F1A /* AESCEnDeCryptViewController.m in Sources */ = {isa = PBXBuildFile; fileRef = 39B7C6221ED5606000B47F1A /* AESCEnDeCryptViewController.m */; };
		39EAC70E1EFBBDB2002BDBE5 /* NSData+Base64.m in Sources */ = {isa = PBXBuildFile; fileRef = 39EAC7061EFBBDB2002BDBE5 /* NSData+Base64.m */; };
		39EAC7101EFBBDB2002BDBE5 /* NSString+Base64.m in Sources */ = {isa = PBXBuildFile; fileRef = 39EAC70A1EFBBDB2002BDBE5 /* NSString+Base64.m */; };
		39EAC7111EFBBDB2002BDBE5 /* Tools.m in Sources */ = {isa = PBXBuildFile; fileRef = 39EAC70C1EFBBDB2002BDBE5 /* Tools.m */; };
		670F3789202FDB0300324BE4 /* UIView+CZFTools.m in Sources */ = {isa = PBXBuildFile; fileRef = 670F3788202FDB0300324BE4 /* UIView+CZFTools.m */; };
		670F378C202FDB1800324BE4 /* UILabel+CZFTools.m in Sources */ = {isa = PBXBuildFile; fileRef = 670F378B202FDB1800324BE4 /* UILabel+CZFTools.m */; };
		670F378F202FDB9C00324BE4 /* NSObject+CZFTools.m in Sources */ = {isa = PBXBuildFile; fileRef = 670F378E202FDB9C00324BE4 /* NSObject+CZFTools.m */; };
		670F3792202FE41D00324BE4 /* UIGestureRecognizer+YYAdd.m in Sources */ = {isa = PBXBuildFile; fileRef = 670F3791202FE41D00324BE4 /* UIGestureRecognizer+YYAdd.m */; };
		670F3795202FE6BD00324BE4 /* AESCryptJointSky.m in Sources */ = {isa = PBXBuildFile; fileRef = 670F3794202FE6BD00324BE4 /* AESCryptJointSky.m */; };
		670F379B202FE77C00324BE4 /* NSData+CommonCrypto.m in Sources */ = {isa = PBXBuildFile; fileRef = 670F3799202FE77B00324BE4 /* NSData+CommonCrypto.m */; };
		670F379D202FE88C00324BE4 /* README.md in Resources */ = {isa = PBXBuildFile; fileRef = 670F379C202FE88C00324BE4 /* README.md */; };
		676961F1202D371B00DD971A /* UIView+MJExtension.m in Sources */ = {isa = PBXBuildFile; fileRef = 676961E9202D371B00DD971A /* UIView+MJExtension.m */; };
		676961F2202D371B00DD971A /* UIButton+UIButtonBlock.m in Sources */ = {isa = PBXBuildFile; fileRef = 676961EB202D371B00DD971A /* UIButton+UIButtonBlock.m */; };
		676961F3202D371B00DD971A /* UIView+Extension.m in Sources */ = {isa = PBXBuildFile; fileRef = 676961ED202D371B00DD971A /* UIView+Extension.m */; };
		676961F4202D371B00DD971A /* UIButton+UIButtonImageWithLable.m in Sources */ = {isa = PBXBuildFile; fileRef = 676961EE202D371B00DD971A /* UIButton+UIButtonImageWithLable.m */; };
		676961FD202D997200DD971A /* UIImage+CZFTools.m in Sources */ = {isa = PBXBuildFile; fileRef = 676961FC202D997200DD971A /* UIImage+CZFTools.m */; };
		67696200202D9C5D00DD971A /* NSString+CZFTools.m in Sources */ = {isa = PBXBuildFile; fileRef = 676961FF202D9C5D00DD971A /* NSString+CZFTools.m */; };
		67696203202DA11400DD971A /* NSDate+CZFTools.m in Sources */ = {isa = PBXBuildFile; fileRef = 67696202202DA11400DD971A /* NSDate+CZFTools.m */; };
/* End PBXBuildFile section */

/* Begin PBXContainerItemProxy section */
		398420511ED4013F0021E0FD /* PBXContainerItemProxy */ = {
			isa = PBXContainerItemProxy;
			containerPortal = 3984202F1ED4013F0021E0FD /* Project object */;
			proxyType = 1;
			remoteGlobalIDString = 398420361ED4013F0021E0FD;
			remoteInfo = CZFToolDemo;
		};
		3984205C1ED4013F0021E0FD /* PBXContainerItemProxy */ = {
			isa = PBXContainerItemProxy;
			containerPortal = 3984202F1ED4013F0021E0FD /* Project object */;
			proxyType = 1;
			remoteGlobalIDString = 398420361ED4013F0021E0FD;
			remoteInfo = CZFToolDemo;
		};
/* End PBXContainerItemProxy section */

/* Begin PBXFileReference section */
		398420371ED4013F0021E0FD /* CZFToolDemo.app */ = {isa = PBXFileReference; explicitFileType = wrapper.application; includeInIndex = 0; path = CZFToolDemo.app; sourceTree = BUILT_PRODUCTS_DIR; };
		3984203B1ED4013F0021E0FD /* main.m */ = {isa = PBXFileReference; lastKnownFileType = sourcecode.c.objc; path = main.m; sourceTree = "<group>"; };
		3984203D1ED4013F0021E0FD /* AppDelegate.h */ = {isa = PBXFileReference; lastKnownFileType = sourcecode.c.h; path = AppDelegate.h; sourceTree = "<group>"; };
		3984203E1ED4013F0021E0FD /* AppDelegate.m */ = {isa = PBXFileReference; lastKnownFileType = sourcecode.c.objc; path = AppDelegate.m; sourceTree = "<group>"; };
		398420401ED4013F0021E0FD /* ViewController.h */ = {isa = PBXFileReference; lastKnownFileType = sourcecode.c.h; path = ViewController.h; sourceTree = "<group>"; };
		398420411ED4013F0021E0FD /* ViewController.m */ = {isa = PBXFileReference; lastKnownFileType = sourcecode.c.objc; path = ViewController.m; sourceTree = "<group>"; };
		398420441ED4013F0021E0FD /* Base */ = {isa = PBXFileReference; lastKnownFileType = file.storyboard; name = Base; path = Base.lproj/Main.storyboard; sourceTree = "<group>"; };
		398420461ED4013F0021E0FD /* Assets.xcassets */ = {isa = PBXFileReference; lastKnownFileType = folder.assetcatalog; path = Assets.xcassets; sourceTree = "<group>"; };
		398420491ED4013F0021E0FD /* Base */ = {isa = PBXFileReference; lastKnownFileType = file.storyboard; name = Base; path = Base.lproj/LaunchScreen.storyboard; sourceTree = "<group>"; };
		3984204B1ED4013F0021E0FD /* Info.plist */ = {isa = PBXFileReference; lastKnownFileType = text.plist.xml; path = Info.plist; sourceTree = "<group>"; };
		398420501ED4013F0021E0FD /* CZFToolDemoTests.xctest */ = {isa = PBXFileReference; explicitFileType = wrapper.cfbundle; includeInIndex = 0; path = CZFToolDemoTests.xctest; sourceTree = BUILT_PRODUCTS_DIR; };
		398420541ED4013F0021E0FD /* CZFToolDemoTests.m */ = {isa = PBXFileReference; lastKnownFileType = sourcecode.c.objc; path = CZFToolDemoTests.m; sourceTree = "<group>"; };
		398420561ED4013F0021E0FD /* Info.plist */ = {isa = PBXFileReference; lastKnownFileType = text.plist.xml; path = Info.plist; sourceTree = "<group>"; };
		3984205B1ED4013F0021E0FD /* CZFToolDemoUITests.xctest */ = {isa = PBXFileReference; explicitFileType = wrapper.cfbundle; includeInIndex = 0; path = CZFToolDemoUITests.xctest; sourceTree = BUILT_PRODUCTS_DIR; };
		3984205F1ED4013F0021E0FD /* CZFToolDemoUITests.m */ = {isa = PBXFileReference; lastKnownFileType = sourcecode.c.objc; path = CZFToolDemoUITests.m; sourceTree = "<group>"; };
		398420611ED4013F0021E0FD /* Info.plist */ = {isa = PBXFileReference; lastKnownFileType = text.plist.xml; path = Info.plist; sourceTree = "<group>"; };
		398420741ED407BD0021E0FD /* AddImageWaterViewController.h */ = {isa = PBXFileReference; fileEncoding = 4; lastKnownFileType = sourcecode.c.h; path = AddImageWaterViewController.h; sourceTree = "<group>"; };
		398420751ED407BD0021E0FD /* AddImageWaterViewController.m */ = {isa = PBXFileReference; fileEncoding = 4; lastKnownFileType = sourcecode.c.objc; path = AddImageWaterViewController.m; sourceTree = "<group>"; };
		398420781ED40AB70021E0FD /* BeautifulImageViewController.h */ = {isa = PBXFileReference; fileEncoding = 4; lastKnownFileType = sourcecode.c.h; path = BeautifulImageViewController.h; sourceTree = "<group>"; };
		398420791ED40AB70021E0FD /* BeautifulImageViewController.m */ = {isa = PBXFileReference; fileEncoding = 4; lastKnownFileType = sourcecode.c.objc; path = BeautifulImageViewController.m; sourceTree = "<group>"; };
		3984207E1ED410000021E0FD /* TimeStampDateViewController.h */ = {isa = PBXFileReference; fileEncoding = 4; lastKnownFileType = sourcecode.c.h; path = TimeStampDateViewController.h; sourceTree = "<group>"; };
		3984207F1ED410000021E0FD /* TimeStampDateViewController.m */ = {isa = PBXFileReference; fileEncoding = 4; lastKnownFileType = sourcecode.c.objc; path = TimeStampDateViewController.m; sourceTree = "<group>"; };
		398420811ED412CE0021E0FD /* CZFToolDemo-PrefixHeader.pch */ = {isa = PBXFileReference; lastKnownFileType = sourcecode.c.h; path = "CZFToolDemo-PrefixHeader.pch"; sourceTree = "<group>"; };
		39B7C6211ED5606000B47F1A /* AESCEnDeCryptViewController.h */ = {isa = PBXFileReference; fileEncoding = 4; lastKnownFileType = sourcecode.c.h; path = AESCEnDeCryptViewController.h; sourceTree = "<group>"; };
		39B7C6221ED5606000B47F1A /* AESCEnDeCryptViewController.m */ = {isa = PBXFileReference; fileEncoding = 4; lastKnownFileType = sourcecode.c.objc; path = AESCEnDeCryptViewController.m; sourceTree = "<group>"; };
		39EAC7041EFBBDB2002BDBE5 /* CZFTool.h */ = {isa = PBXFileReference; fileEncoding = 4; lastKnownFileType = sourcecode.c.h; path = CZFTool.h; sourceTree = "<group>"; };
		39EAC7051EFBBDB2002BDBE5 /* NSData+Base64.h */ = {isa = PBXFileReference; fileEncoding = 4; lastKnownFileType = sourcecode.c.h; path = "NSData+Base64.h"; sourceTree = "<group>"; };
		39EAC7061EFBBDB2002BDBE5 /* NSData+Base64.m */ = {isa = PBXFileReference; fileEncoding = 4; lastKnownFileType = sourcecode.c.objc; path = "NSData+Base64.m"; sourceTree = "<group>"; };
		39EAC7091EFBBDB2002BDBE5 /* NSString+Base64.h */ = {isa = PBXFileReference; fileEncoding = 4; lastKnownFileType = sourcecode.c.h; path = "NSString+Base64.h"; sourceTree = "<group>"; };
		39EAC70A1EFBBDB2002BDBE5 /* NSString+Base64.m */ = {isa = PBXFileReference; fileEncoding = 4; lastKnownFileType = sourcecode.c.objc; path = "NSString+Base64.m"; sourceTree = "<group>"; };
		39EAC70B1EFBBDB2002BDBE5 /* Tools.h */ = {isa = PBXFileReference; fileEncoding = 4; lastKnownFileType = sourcecode.c.h; path = Tools.h; sourceTree = "<group>"; };
		39EAC70C1EFBBDB2002BDBE5 /* Tools.m */ = {isa = PBXFileReference; fileEncoding = 4; lastKnownFileType = sourcecode.c.objc; path = Tools.m; sourceTree = "<group>"; };
		670F3787202FDB0300324BE4 /* UIView+CZFTools.h */ = {isa = PBXFileReference; lastKnownFileType = sourcecode.c.h; path = "UIView+CZFTools.h"; sourceTree = "<group>"; };
		670F3788202FDB0300324BE4 /* UIView+CZFTools.m */ = {isa = PBXFileReference; lastKnownFileType = sourcecode.c.objc; path = "UIView+CZFTools.m"; sourceTree = "<group>"; };
		670F378A202FDB1800324BE4 /* UILabel+CZFTools.h */ = {isa = PBXFileReference; lastKnownFileType = sourcecode.c.h; path = "UILabel+CZFTools.h"; sourceTree = "<group>"; };
		670F378B202FDB1800324BE4 /* UILabel+CZFTools.m */ = {isa = PBXFileReference; lastKnownFileType = sourcecode.c.objc; path = "UILabel+CZFTools.m"; sourceTree = "<group>"; };
		670F378D202FDB9C00324BE4 /* NSObject+CZFTools.h */ = {isa = PBXFileReference; lastKnownFileType = sourcecode.c.h; path = "NSObject+CZFTools.h"; sourceTree = "<group>"; };
		670F378E202FDB9C00324BE4 /* NSObject+CZFTools.m */ = {isa = PBXFileReference; lastKnownFileType = sourcecode.c.objc; path = "NSObject+CZFTools.m"; sourceTree = "<group>"; };
		670F3790202FE41D00324BE4 /* UIGestureRecognizer+YYAdd.h */ = {isa = PBXFileReference; fileEncoding = 4; lastKnownFileType = sourcecode.c.h; path = "UIGestureRecognizer+YYAdd.h"; sourceTree = "<group>"; };
		670F3791202FE41D00324BE4 /* UIGestureRecognizer+YYAdd.m */ = {isa = PBXFileReference; fileEncoding = 4; lastKnownFileType = sourcecode.c.objc; path = "UIGestureRecognizer+YYAdd.m"; sourceTree = "<group>"; };
		670F3793202FE6BD00324BE4 /* AESCryptJointSky.h */ = {isa = PBXFileReference; fileEncoding = 4; lastKnownFileType = sourcecode.c.h; path = AESCryptJointSky.h; sourceTree = "<group>"; };
		670F3794202FE6BD00324BE4 /* AESCryptJointSky.m */ = {isa = PBXFileReference; fileEncoding = 4; lastKnownFileType = sourcecode.c.objc; path = AESCryptJointSky.m; sourceTree = "<group>"; };
		670F3799202FE77B00324BE4 /* NSData+CommonCrypto.m */ = {isa = PBXFileReference; fileEncoding = 4; lastKnownFileType = sourcecode.c.objc; path = "NSData+CommonCrypto.m"; sourceTree = "<group>"; };
		670F379A202FE77C00324BE4 /* NSData+CommonCrypto.h */ = {isa = PBXFileReference; fileEncoding = 4; lastKnownFileType = sourcecode.c.h; path = "NSData+CommonCrypto.h"; sourceTree = "<group>"; };
		670F379C202FE88C00324BE4 /* README.md */ = {isa = PBXFileReference; fileEncoding = 4; lastKnownFileType = net.daringfireball.markdown; name = README.md; path = "../../../../250你发布/250你发布v3.2.1/coding/iOSFrameProject/iOSFrameProject/README.md"; sourceTree = "<group>"; };
		676961E9202D371B00DD971A /* UIView+MJExtension.m */ = {isa = PBXFileReference; fileEncoding = 4; lastKnownFileType = sourcecode.c.objc; path = "UIView+MJExtension.m"; sourceTree = "<group>"; };
		676961EA202D371B00DD971A /* UIButton+UIButtonImageWithLable.h */ = {isa = PBXFileReference; fileEncoding = 4; lastKnownFileType = sourcecode.c.h; path = "UIButton+UIButtonImageWithLable.h"; sourceTree = "<group>"; };
		676961EB202D371B00DD971A /* UIButton+UIButtonBlock.m */ = {isa = PBXFileReference; fileEncoding = 4; lastKnownFileType = sourcecode.c.objc; path = "UIButton+UIButtonBlock.m"; sourceTree = "<group>"; };
		676961EC202D371B00DD971A /* UIView+Extension.h */ = {isa = PBXFileReference; fileEncoding = 4; lastKnownFileType = sourcecode.c.h; path = "UIView+Extension.h"; sourceTree = "<group>"; };
		676961ED202D371B00DD971A /* UIView+Extension.m */ = {isa = PBXFileReference; fileEncoding = 4; lastKnownFileType = sourcecode.c.objc; path = "UIView+Extension.m"; sourceTree = "<group>"; };
		676961EE202D371B00DD971A /* UIButton+UIButtonImageWithLable.m */ = {isa = PBXFileReference; fileEncoding = 4; lastKnownFileType = sourcecode.c.objc; path = "UIButton+UIButtonImageWithLable.m"; sourceTree = "<group>"; };
		676961EF202D371B00DD971A /* UIButton+UIButtonBlock.h */ = {isa = PBXFileReference; fileEncoding = 4; lastKnownFileType = sourcecode.c.h; path = "UIButton+UIButtonBlock.h"; sourceTree = "<group>"; };
		676961F0202D371B00DD971A /* UIView+MJExtension.h */ = {isa = PBXFileReference; fileEncoding = 4; lastKnownFileType = sourcecode.c.h; path = "UIView+MJExtension.h"; sourceTree = "<group>"; };
		676961FB202D997200DD971A /* UIImage+CZFTools.h */ = {isa = PBXFileReference; lastKnownFileType = sourcecode.c.h; path = "UIImage+CZFTools.h"; sourceTree = "<group>"; };
		676961FC202D997200DD971A /* UIImage+CZFTools.m */ = {isa = PBXFileReference; lastKnownFileType = sourcecode.c.objc; path = "UIImage+CZFTools.m"; sourceTree = "<group>"; };
		676961FE202D9C5D00DD971A /* NSString+CZFTools.h */ = {isa = PBXFileReference; lastKnownFileType = sourcecode.c.h; path = "NSString+CZFTools.h"; sourceTree = "<group>"; };
		676961FF202D9C5D00DD971A /* NSString+CZFTools.m */ = {isa = PBXFileReference; lastKnownFileType = sourcecode.c.objc; path = "NSString+CZFTools.m"; sourceTree = "<group>"; };
		67696201202DA11400DD971A /* NSDate+CZFTools.h */ = {isa = PBXFileReference; lastKnownFileType = sourcecode.c.h; path = "NSDate+CZFTools.h"; sourceTree = "<group>"; };
		67696202202DA11400DD971A /* NSDate+CZFTools.m */ = {isa = PBXFileReference; lastKnownFileType = sourcecode.c.objc; path = "NSDate+CZFTools.m"; sourceTree = "<group>"; };
/* End PBXFileReference section */

/* Begin PBXFrameworksBuildPhase section */
		398420341ED4013F0021E0FD /* Frameworks */ = {
			isa = PBXFrameworksBuildPhase;
			buildActionMask = 2147483647;
			files = (
			);
			runOnlyForDeploymentPostprocessing = 0;
		};
		3984204D1ED4013F0021E0FD /* Frameworks */ = {
			isa = PBXFrameworksBuildPhase;
			buildActionMask = 2147483647;
			files = (
			);
			runOnlyForDeploymentPostprocessing = 0;
		};
		398420581ED4013F0021E0FD /* Frameworks */ = {
			isa = PBXFrameworksBuildPhase;
			buildActionMask = 2147483647;
			files = (
			);
			runOnlyForDeploymentPostprocessing = 0;
		};
/* End PBXFrameworksBuildPhase section */

/* Begin PBXGroup section */
		3984202E1ED4013F0021E0FD = {
			isa = PBXGroup;
			children = (
				398420391ED4013F0021E0FD /* CZFToolDemo */,
				398420531ED4013F0021E0FD /* CZFToolDemoTests */,
				3984205E1ED4013F0021E0FD /* CZFToolDemoUITests */,
				398420381ED4013F0021E0FD /* Products */,
			);
			sourceTree = "<group>";
		};
		398420381ED4013F0021E0FD /* Products */ = {
			isa = PBXGroup;
			children = (
				398420371ED4013F0021E0FD /* CZFToolDemo.app */,
				398420501ED4013F0021E0FD /* CZFToolDemoTests.xctest */,
				3984205B1ED4013F0021E0FD /* CZFToolDemoUITests.xctest */,
			);
			name = Products;
			sourceTree = "<group>";
		};
		398420391ED4013F0021E0FD /* CZFToolDemo */ = {
			isa = PBXGroup;
			children = (
				670F379C202FE88C00324BE4 /* README.md */,
				39EAC7011EFBBDB2002BDBE5 /* CZFTool */,
				3984203D1ED4013F0021E0FD /* AppDelegate.h */,
				3984203E1ED4013F0021E0FD /* AppDelegate.m */,
				398420401ED4013F0021E0FD /* ViewController.h */,
				398420411ED4013F0021E0FD /* ViewController.m */,
				398420431ED4013F0021E0FD /* Main.storyboard */,
				398420711ED406FC0021E0FD /* DealListVC */,
				398420461ED4013F0021E0FD /* Assets.xcassets */,
				398420481ED4013F0021E0FD /* LaunchScreen.storyboard */,
				3984204B1ED4013F0021E0FD /* Info.plist */,
				398420811ED412CE0021E0FD /* CZFToolDemo-PrefixHeader.pch */,
				3984203A1ED4013F0021E0FD /* Supporting Files */,
			);
			path = CZFToolDemo;
			sourceTree = "<group>";
		};
		3984203A1ED4013F0021E0FD /* Supporting Files */ = {
			isa = PBXGroup;
			children = (
				3984203B1ED4013F0021E0FD /* main.m */,
			);
			name = "Supporting Files";
			sourceTree = "<group>";
		};
		398420531ED4013F0021E0FD /* CZFToolDemoTests */ = {
			isa = PBXGroup;
			children = (
				398420541ED4013F0021E0FD /* CZFToolDemoTests.m */,
				398420561ED4013F0021E0FD /* Info.plist */,
			);
			path = CZFToolDemoTests;
			sourceTree = "<group>";
		};
		3984205E1ED4013F0021E0FD /* CZFToolDemoUITests */ = {
			isa = PBXGroup;
			children = (
				3984205F1ED4013F0021E0FD /* CZFToolDemoUITests.m */,
				398420611ED4013F0021E0FD /* Info.plist */,
			);
			path = CZFToolDemoUITests;
			sourceTree = "<group>";
		};
		398420711ED406FC0021E0FD /* DealListVC */ = {
			isa = PBXGroup;
			children = (
				398420721ED407420021E0FD /* 图片相关处理 */,
				3984207B1ED40F830021E0FD /* 时间相关处理 */,
				39B7C61F1ED55FF400B47F1A /* 数据加密 */,
			);
			name = DealListVC;
			sourceTree = "<group>";
		};
		398420721ED407420021E0FD /* 图片相关处理 */ = {
			isa = PBXGroup;
			children = (
				398420731ED4077C0021E0FD /* AddImageWaterViewController */,
				398420771ED40A990021E0FD /* BeautifulImageViewController */,
			);
			name = "图片相关处理";
			sourceTree = "<group>";
		};
		398420731ED4077C0021E0FD /* AddImageWaterViewController */ = {
			isa = PBXGroup;
			children = (
				398420741ED407BD0021E0FD /* AddImageWaterViewController.h */,
				398420751ED407BD0021E0FD /* AddImageWaterViewController.m */,
			);
			name = AddImageWaterViewController;
			sourceTree = "<group>";
		};
		398420771ED40A990021E0FD /* BeautifulImageViewController */ = {
			isa = PBXGroup;
			children = (
				398420781ED40AB70021E0FD /* BeautifulImageViewController.h */,
				398420791ED40AB70021E0FD /* BeautifulImageViewController.m */,
			);
			name = BeautifulImageViewController;
			sourceTree = "<group>";
		};
		3984207B1ED40F830021E0FD /* 时间相关处理 */ = {
			isa = PBXGroup;
			children = (
				3984207D1ED40F960021E0FD /* TimeStampDateViewController */,
			);
			name = "时间相关处理";
			sourceTree = "<group>";
		};
		3984207D1ED40F960021E0FD /* TimeStampDateViewController */ = {
			isa = PBXGroup;
			children = (
				3984207E1ED410000021E0FD /* TimeStampDateViewController.h */,
				3984207F1ED410000021E0FD /* TimeStampDateViewController.m */,
			);
			name = TimeStampDateViewController;
			sourceTree = "<group>";
		};
		39B7C61F1ED55FF400B47F1A /* 数据加密 */ = {
			isa = PBXGroup;
			children = (
				39B7C6201ED5600700B47F1A /* AESCEnDeCryptViewController */,
			);
			name = "数据加密";
			sourceTree = "<group>";
		};
		39B7C6201ED5600700B47F1A /* AESCEnDeCryptViewController */ = {
			isa = PBXGroup;
			children = (
				39B7C6211ED5606000B47F1A /* AESCEnDeCryptViewController.h */,
				39B7C6221ED5606000B47F1A /* AESCEnDeCryptViewController.m */,
			);
			name = AESCEnDeCryptViewController;
			sourceTree = "<group>";
		};
		39EAC7011EFBBDB2002BDBE5 /* CZFTool */ = {
			isa = PBXGroup;
			children = (
				39EAC7041EFBBDB2002BDBE5 /* CZFTool.h */,
				676961FA202D8C6C00DD971A /* Extension */,
				676961E8202D36FE00DD971A /* Category */,
				676961E7202D363000DD971A /* AESCE */,
				39EAC70B1EFBBDB2002BDBE5 /* Tools.h */,
				39EAC70C1EFBBDB2002BDBE5 /* Tools.m */,
			);
			path = CZFTool;
			sourceTree = "<group>";
		};
		676961E7202D363000DD971A /* AESCE */ = {
			isa = PBXGroup;
			children = (
				670F3793202FE6BD00324BE4 /* AESCryptJointSky.h */,
				670F3794202FE6BD00324BE4 /* AESCryptJointSky.m */,
				39EAC7051EFBBDB2002BDBE5 /* NSData+Base64.h */,
				39EAC7061EFBBDB2002BDBE5 /* NSData+Base64.m */,
				670F379A202FE77C00324BE4 /* NSData+CommonCrypto.h */,
				670F3799202FE77B00324BE4 /* NSData+CommonCrypto.m */,
				39EAC7091EFBBDB2002BDBE5 /* NSString+Base64.h */,
				39EAC70A1EFBBDB2002BDBE5 /* NSString+Base64.m */,
			);
			name = AESCE;
			sourceTree = "<group>";
		};
		676961E8202D36FE00DD971A /* Category */ = {
			isa = PBXGroup;
			children = (
				670F3790202FE41D00324BE4 /* UIGestureRecognizer+YYAdd.h */,
				670F3791202FE41D00324BE4 /* UIGestureRecognizer+YYAdd.m */,
				676961EF202D371B00DD971A /* UIButton+UIButtonBlock.h */,
				676961EB202D371B00DD971A /* UIButton+UIButtonBlock.m */,
				676961EA202D371B00DD971A /* UIButton+UIButtonImageWithLable.h */,
				676961EE202D371B00DD971A /* UIButton+UIButtonImageWithLable.m */,
				676961EC202D371B00DD971A /* UIView+Extension.h */,
				676961ED202D371B00DD971A /* UIView+Extension.m */,
				676961F0202D371B00DD971A /* UIView+MJExtension.h */,
				676961E9202D371B00DD971A /* UIView+MJExtension.m */,
				676961FB202D997200DD971A /* UIImage+CZFTools.h */,
				676961FC202D997200DD971A /* UIImage+CZFTools.m */,
				676961FE202D9C5D00DD971A /* NSString+CZFTools.h */,
				676961FF202D9C5D00DD971A /* NSString+CZFTools.m */,
				67696201202DA11400DD971A /* NSDate+CZFTools.h */,
				67696202202DA11400DD971A /* NSDate+CZFTools.m */,
				670F3787202FDB0300324BE4 /* UIView+CZFTools.h */,
				670F3788202FDB0300324BE4 /* UIView+CZFTools.m */,
				670F378A202FDB1800324BE4 /* UILabel+CZFTools.h */,
				670F378B202FDB1800324BE4 /* UILabel+CZFTools.m */,
				670F378D202FDB9C00324BE4 /* NSObject+CZFTools.h */,
				670F378E202FDB9C00324BE4 /* NSObject+CZFTools.m */,
			);
			name = Category;
			sourceTree = "<group>";
		};
		676961FA202D8C6C00DD971A /* Extension */ = {
			isa = PBXGroup;
			children = (
			);
			name = Extension;
			sourceTree = "<group>";
		};
/* End PBXGroup section */

/* Begin PBXNativeTarget section */
		398420361ED4013F0021E0FD /* CZFToolDemo */ = {
			isa = PBXNativeTarget;
			buildConfigurationList = 398420641ED4013F0021E0FD /* Build configuration list for PBXNativeTarget "CZFToolDemo" */;
			buildPhases = (
				398420331ED4013F0021E0FD /* Sources */,
				398420341ED4013F0021E0FD /* Frameworks */,
				398420351ED4013F0021E0FD /* Resources */,
			);
			buildRules = (
			);
			dependencies = (
			);
			name = CZFToolDemo;
			productName = CZFToolDemo;
			productReference = 398420371ED4013F0021E0FD /* CZFToolDemo.app */;
			productType = "com.apple.product-type.application";
		};
		3984204F1ED4013F0021E0FD /* CZFToolDemoTests */ = {
			isa = PBXNativeTarget;
			buildConfigurationList = 398420671ED4013F0021E0FD /* Build configuration list for PBXNativeTarget "CZFToolDemoTests" */;
			buildPhases = (
				3984204C1ED4013F0021E0FD /* Sources */,
				3984204D1ED4013F0021E0FD /* Frameworks */,
				3984204E1ED4013F0021E0FD /* Resources */,
			);
			buildRules = (
			);
			dependencies = (
				398420521ED4013F0021E0FD /* PBXTargetDependency */,
			);
			name = CZFToolDemoTests;
			productName = CZFToolDemoTests;
			productReference = 398420501ED4013F0021E0FD /* CZFToolDemoTests.xctest */;
			productType = "com.apple.product-type.bundle.unit-test";
		};
		3984205A1ED4013F0021E0FD /* CZFToolDemoUITests */ = {
			isa = PBXNativeTarget;
			buildConfigurationList = 3984206A1ED4013F0021E0FD /* Build configuration list for PBXNativeTarget "CZFToolDemoUITests" */;
			buildPhases = (
				398420571ED4013F0021E0FD /* Sources */,
				398420581ED4013F0021E0FD /* Frameworks */,
				398420591ED4013F0021E0FD /* Resources */,
			);
			buildRules = (
			);
			dependencies = (
				3984205D1ED4013F0021E0FD /* PBXTargetDependency */,
			);
			name = CZFToolDemoUITests;
			productName = CZFToolDemoUITests;
			productReference = 3984205B1ED4013F0021E0FD /* CZFToolDemoUITests.xctest */;
			productType = "com.apple.product-type.bundle.ui-testing";
		};
/* End PBXNativeTarget section */

/* Begin PBXProject section */
		3984202F1ED4013F0021E0FD /* Project object */ = {
			isa = PBXProject;
			attributes = {
				LastUpgradeCheck = 0920;
				ORGANIZATIONNAME = "陈帆";
				TargetAttributes = {
					398420361ED4013F0021E0FD = {
						CreatedOnToolsVersion = 8.3.2;
						DevelopmentTeam = EDA8EGULN6;
						ProvisioningStyle = Automatic;
					};
					3984204F1ED4013F0021E0FD = {
						CreatedOnToolsVersion = 8.3.2;
						DevelopmentTeam = EDA8EGULN6;
						ProvisioningStyle = Automatic;
						TestTargetID = 398420361ED4013F0021E0FD;
					};
					3984205A1ED4013F0021E0FD = {
						CreatedOnToolsVersion = 8.3.2;
						DevelopmentTeam = EDA8EGULN6;
						ProvisioningStyle = Automatic;
						TestTargetID = 398420361ED4013F0021E0FD;
					};
				};
			};
			buildConfigurationList = 398420321ED4013F0021E0FD /* Build configuration list for PBXProject "CZFToolDemo" */;
			compatibilityVersion = "Xcode 3.2";
			developmentRegion = English;
			hasScannedForEncodings = 0;
			knownRegions = (
				en,
				Base,
			);
			mainGroup = 3984202E1ED4013F0021E0FD;
			productRefGroup = 398420381ED4013F0021E0FD /* Products */;
			projectDirPath = "";
			projectRoot = "";
			targets = (
				398420361ED4013F0021E0FD /* CZFToolDemo */,
				3984204F1ED4013F0021E0FD /* CZFToolDemoTests */,
				3984205A1ED4013F0021E0FD /* CZFToolDemoUITests */,
			);
		};
/* End PBXProject section */

/* Begin PBXResourcesBuildPhase section */
		398420351ED4013F0021E0FD /* Resources */ = {
			isa = PBXResourcesBuildPhase;
			buildActionMask = 2147483647;
			files = (
				3984204A1ED4013F0021E0FD /* LaunchScreen.storyboard in Resources */,
				398420471ED4013F0021E0FD /* Assets.xcassets in Resources */,
				670F379D202FE88C00324BE4 /* README.md in Resources */,
				398420451ED4013F0021E0FD /* Main.storyboard in Resources */,
			);
			runOnlyForDeploymentPostprocessing = 0;
		};
		3984204E1ED4013F0021E0FD /* Resources */ = {
			isa = PBXResourcesBuildPhase;
			buildActionMask = 2147483647;
			files = (
			);
			runOnlyForDeploymentPostprocessing = 0;
		};
		398420591ED4013F0021E0FD /* Resources */ = {
			isa = PBXResourcesBuildPhase;
			buildActionMask = 2147483647;
			files = (
			);
			runOnlyForDeploymentPostprocessing = 0;
		};
/* End PBXResourcesBuildPhase section */

/* Begin PBXSourcesBuildPhase section */
		398420331ED4013F0021E0FD /* Sources */ = {
			isa = PBXSourcesBuildPhase;
			buildActionMask = 2147483647;
			files = (
				676961F3202D371B00DD971A /* UIView+Extension.m in Sources */,
				398420421ED4013F0021E0FD /* ViewController.m in Sources */,
				670F3795202FE6BD00324BE4 /* AESCryptJointSky.m in Sources */,
				67696203202DA11400DD971A /* NSDate+CZFTools.m in Sources */,
				670F3789202FDB0300324BE4 /* UIView+CZFTools.m in Sources */,
				39EAC7111EFBBDB2002BDBE5 /* Tools.m in Sources */,
				398420761ED407BD0021E0FD /* AddImageWaterViewController.m in Sources */,
				39B7C6231ED5606000B47F1A /* AESCEnDeCryptViewController.m in Sources */,
				670F3792202FE41D00324BE4 /* UIGestureRecognizer+YYAdd.m in Sources */,
				670F378F202FDB9C00324BE4 /* NSObject+CZFTools.m in Sources */,
				398420801ED410000021E0FD /* TimeStampDateViewController.m in Sources */,
				676961F2202D371B00DD971A /* UIButton+UIButtonBlock.m in Sources */,
				67696200202D9C5D00DD971A /* NSString+CZFTools.m in Sources */,
				39EAC7101EFBBDB2002BDBE5 /* NSString+Base64.m in Sources */,
				3984203F1ED4013F0021E0FD /* AppDelegate.m in Sources */,
				670F378C202FDB1800324BE4 /* UILabel+CZFTools.m in Sources */,
				676961F1202D371B00DD971A /* UIView+MJExtension.m in Sources */,
				3984207A1ED40AB70021E0FD /* BeautifulImageViewController.m in Sources */,
				670F379B202FE77C00324BE4 /* NSData+CommonCrypto.m in Sources */,
				3984203C1ED4013F0021E0FD /* main.m in Sources */,
				676961F4202D371B00DD971A /* UIButton+UIButtonImageWithLable.m in Sources */,
				676961FD202D997200DD971A /* UIImage+CZFTools.m in Sources */,
				39EAC70E1EFBBDB2002BDBE5 /* NSData+Base64.m in Sources */,
			);
			runOnlyForDeploymentPostprocessing = 0;
		};
		3984204C1ED4013F0021E0FD /* Sources */ = {
			isa = PBXSourcesBuildPhase;
			buildActionMask = 2147483647;
			files = (
				398420551ED4013F0021E0FD /* CZFToolDemoTests.m in Sources */,
			);
			runOnlyForDeploymentPostprocessing = 0;
		};
		398420571ED4013F0021E0FD /* Sources */ = {
			isa = PBXSourcesBuildPhase;
			buildActionMask = 2147483647;
			files = (
				398420601ED4013F0021E0FD /* CZFToolDemoUITests.m in Sources */,
			);
			runOnlyForDeploymentPostprocessing = 0;
		};
/* End PBXSourcesBuildPhase section */

/* Begin PBXTargetDependency section */
		398420521ED4013F0021E0FD /* PBXTargetDependency */ = {
			isa = PBXTargetDependency;
			target = 398420361ED4013F0021E0FD /* CZFToolDemo */;
			targetProxy = 398420511ED4013F0021E0FD /* PBXContainerItemProxy */;
		};
		3984205D1ED4013F0021E0FD /* PBXTargetDependency */ = {
			isa = PBXTargetDependency;
			target = 398420361ED4013F0021E0FD /* CZFToolDemo */;
			targetProxy = 3984205C1ED4013F0021E0FD /* PBXContainerItemProxy */;
		};
/* End PBXTargetDependency section */

/* Begin PBXVariantGroup section */
		398420431ED4013F0021E0FD /* Main.storyboard */ = {
			isa = PBXVariantGroup;
			children = (
				398420441ED4013F0021E0FD /* Base */,
			);
			name = Main.storyboard;
			sourceTree = "<group>";
		};
		398420481ED4013F0021E0FD /* LaunchScreen.storyboard */ = {
			isa = PBXVariantGroup;
			children = (
				398420491ED4013F0021E0FD /* Base */,
			);
			name = LaunchScreen.storyboard;
			sourceTree = "<group>";
		};
/* End PBXVariantGroup section */

/* Begin XCBuildConfiguration section */
		398420621ED4013F0021E0FD /* Debug */ = {
			isa = XCBuildConfiguration;
			buildSettings = {
				ALWAYS_SEARCH_USER_PATHS = NO;
				CLANG_ANALYZER_NONNULL = YES;
				CLANG_ANALYZER_NUMBER_OBJECT_CONVERSION = YES_AGGRESSIVE;
				CLANG_CXX_LANGUAGE_STANDARD = "gnu++0x";
				CLANG_CXX_LIBRARY = "libc++";
				CLANG_ENABLE_MODULES = YES;
				CLANG_ENABLE_OBJC_ARC = YES;
				CLANG_WARN_BLOCK_CAPTURE_AUTORELEASING = YES;
				CLANG_WARN_BOOL_CONVERSION = YES;
				CLANG_WARN_COMMA = YES;
				CLANG_WARN_CONSTANT_CONVERSION = YES;
				CLANG_WARN_DIRECT_OBJC_ISA_USAGE = YES_ERROR;
				CLANG_WARN_DOCUMENTATION_COMMENTS = YES;
				CLANG_WARN_EMPTY_BODY = YES;
				CLANG_WARN_ENUM_CONVERSION = YES;
				CLANG_WARN_INFINITE_RECURSION = YES;
				CLANG_WARN_INT_CONVERSION = YES;
				CLANG_WARN_NON_LITERAL_NULL_CONVERSION = YES;
				CLANG_WARN_OBJC_LITERAL_CONVERSION = YES;
				CLANG_WARN_OBJC_ROOT_CLASS = YES_ERROR;
				CLANG_WARN_RANGE_LOOP_ANALYSIS = YES;
				CLANG_WARN_STRICT_PROTOTYPES = YES;
				CLANG_WARN_SUSPICIOUS_MOVE = YES;
				CLANG_WARN_UNREACHABLE_CODE = YES;
				CLANG_WARN__DUPLICATE_METHOD_MATCH = YES;
				"CODE_SIGN_IDENTITY[sdk=iphoneos*]" = "iPhone Developer";
				COPY_PHASE_STRIP = NO;
				DEBUG_INFORMATION_FORMAT = dwarf;
				ENABLE_STRICT_OBJC_MSGSEND = YES;
				ENABLE_TESTABILITY = YES;
				GCC_C_LANGUAGE_STANDARD = gnu99;
				GCC_DYNAMIC_NO_PIC = NO;
				GCC_NO_COMMON_BLOCKS = YES;
				GCC_OPTIMIZATION_LEVEL = 0;
				GCC_PREPROCESSOR_DEFINITIONS = (
					"DEBUG=1",
					"$(inherited)",
				);
				GCC_WARN_64_TO_32_BIT_CONVERSION = YES;
				GCC_WARN_ABOUT_RETURN_TYPE = YES_ERROR;
				GCC_WARN_UNDECLARED_SELECTOR = YES;
				GCC_WARN_UNINITIALIZED_AUTOS = YES_AGGRESSIVE;
				GCC_WARN_UNUSED_FUNCTION = YES;
				GCC_WARN_UNUSED_VARIABLE = YES;
				IPHONEOS_DEPLOYMENT_TARGET = 8.0;
				MTL_ENABLE_DEBUG_INFO = YES;
				ONLY_ACTIVE_ARCH = YES;
				SDKROOT = iphoneos;
			};
			name = Debug;
		};
		398420631ED4013F0021E0FD /* Release */ = {
			isa = XCBuildConfiguration;
			buildSettings = {
				ALWAYS_SEARCH_USER_PATHS = NO;
				CLANG_ANALYZER_NONNULL = YES;
				CLANG_ANALYZER_NUMBER_OBJECT_CONVERSION = YES_AGGRESSIVE;
				CLANG_CXX_LANGUAGE_STANDARD = "gnu++0x";
				CLANG_CXX_LIBRARY = "libc++";
				CLANG_ENABLE_MODULES = YES;
				CLANG_ENABLE_OBJC_ARC = YES;
				CLANG_WARN_BLOCK_CAPTURE_AUTORELEASING = YES;
				CLANG_WARN_BOOL_CONVERSION = YES;
				CLANG_WARN_COMMA = YES;
				CLANG_WARN_CONSTANT_CONVERSION = YES;
				CLANG_WARN_DIRECT_OBJC_ISA_USAGE = YES_ERROR;
				CLANG_WARN_DOCUMENTATION_COMMENTS = YES;
				CLANG_WARN_EMPTY_BODY = YES;
				CLANG_WARN_ENUM_CONVERSION = YES;
				CLANG_WARN_INFINITE_RECURSION = YES;
				CLANG_WARN_INT_CONVERSION = YES;
				CLANG_WARN_NON_LITERAL_NULL_CONVERSION = YES;
				CLANG_WARN_OBJC_LITERAL_CONVERSION = YES;
				CLANG_WARN_OBJC_ROOT_CLASS = YES_ERROR;
				CLANG_WARN_RANGE_LOOP_ANALYSIS = YES;
				CLANG_WARN_STRICT_PROTOTYPES = YES;
				CLANG_WARN_SUSPICIOUS_MOVE = YES;
				CLANG_WARN_UNREACHABLE_CODE = YES;
				CLANG_WARN__DUPLICATE_METHOD_MATCH = YES;
				"CODE_SIGN_IDENTITY[sdk=iphoneos*]" = "iPhone Developer";
				COPY_PHASE_STRIP = NO;
				DEBUG_INFORMATION_FORMAT = "dwarf-with-dsym";
				ENABLE_NS_ASSERTIONS = NO;
				ENABLE_STRICT_OBJC_MSGSEND = YES;
				GCC_C_LANGUAGE_STANDARD = gnu99;
				GCC_NO_COMMON_BLOCKS = YES;
				GCC_WARN_64_TO_32_BIT_CONVERSION = YES;
				GCC_WARN_ABOUT_RETURN_TYPE = YES_ERROR;
				GCC_WARN_UNDECLARED_SELECTOR = YES;
				GCC_WARN_UNINITIALIZED_AUTOS = YES_AGGRESSIVE;
				GCC_WARN_UNUSED_FUNCTION = YES;
				GCC_WARN_UNUSED_VARIABLE = YES;
				IPHONEOS_DEPLOYMENT_TARGET = 8.0;
				MTL_ENABLE_DEBUG_INFO = NO;
				ONLY_ACTIVE_ARCH = NO;
				SDKROOT = iphoneos;
				VALIDATE_PRODUCT = YES;
			};
			name = Release;
		};
		398420651ED4013F0021E0FD /* Debug */ = {
			isa = XCBuildConfiguration;
			buildSettings = {
				ASSETCATALOG_COMPILER_APPICON_NAME = AppIcon;
				DEVELOPMENT_TEAM = EDA8EGULN6;
				GCC_PRECOMPILE_PREFIX_HEADER = YES;
				GCC_PREFIX_HEADER = "CZFToolDemo/CZFToolDemo-PrefixHeader.pch";
				INFOPLIST_FILE = CZFToolDemo/Info.plist;
				IPHONEOS_DEPLOYMENT_TARGET = 8.0;
				LD_RUNPATH_SEARCH_PATHS = "$(inherited) @executable_path/Frameworks";
				PRODUCT_BUNDLE_IDENTIFIER = com.jointsky.CZFToolDemo;
				PRODUCT_NAME = "$(TARGET_NAME)";
			};
			name = Debug;
		};
		398420661ED4013F0021E0FD /* Release */ = {
			isa = XCBuildConfiguration;
			buildSettings = {
				ASSETCATALOG_COMPILER_APPICON_NAME = AppIcon;
				DEVELOPMENT_TEAM = EDA8EGULN6;
				GCC_PRECOMPILE_PREFIX_HEADER = YES;
				GCC_PREFIX_HEADER = "CZFToolDemo/CZFToolDemo-PrefixHeader.pch";
				INFOPLIST_FILE = CZFToolDemo/Info.plist;
				IPHONEOS_DEPLOYMENT_TARGET = 8.0;
				LD_RUNPATH_SEARCH_PATHS = "$(inherited) @executable_path/Frameworks";
				PRODUCT_BUNDLE_IDENTIFIER = com.jointsky.CZFToolDemo;
				PRODUCT_NAME = "$(TARGET_NAME)";
			};
			name = Release;
		};
		398420681ED4013F0021E0FD /* Debug */ = {
			isa = XCBuildConfiguration;
			buildSettings = {
				BUNDLE_LOADER = "$(TEST_HOST)";
				DEVELOPMENT_TEAM = EDA8EGULN6;
				INFOPLIST_FILE = CZFToolDemoTests/Info.plist;
				LD_RUNPATH_SEARCH_PATHS = "$(inherited) @executable_path/Frameworks @loader_path/Frameworks";
				PRODUCT_BUNDLE_IDENTIFIER = com.jointsky.CZFToolDemoTests;
				PRODUCT_NAME = "$(TARGET_NAME)";
				TEST_HOST = "$(BUILT_PRODUCTS_DIR)/CZFToolDemo.app/CZFToolDemo";
			};
			name = Debug;
		};
		398420691ED4013F0021E0FD /* Release */ = {
			isa = XCBuildConfiguration;
			buildSettings = {
				BUNDLE_LOADER = "$(TEST_HOST)";
				DEVELOPMENT_TEAM = EDA8EGULN6;
				INFOPLIST_FILE = CZFToolDemoTests/Info.plist;
				LD_RUNPATH_SEARCH_PATHS = "$(inherited) @executable_path/Frameworks @loader_path/Frameworks";
				PRODUCT_BUNDLE_IDENTIFIER = com.jointsky.CZFToolDemoTests;
				PRODUCT_NAME = "$(TARGET_NAME)";
				TEST_HOST = "$(BUILT_PRODUCTS_DIR)/CZFToolDemo.app/CZFToolDemo";
			};
			name = Release;
		};
		3984206B1ED4013F0021E0FD /* Debug */ = {
			isa = XCBuildConfiguration;
			buildSettings = {
				DEVELOPMENT_TEAM = EDA8EGULN6;
				INFOPLIST_FILE = CZFToolDemoUITests/Info.plist;
				LD_RUNPATH_SEARCH_PATHS = "$(inherited) @executable_path/Frameworks @loader_path/Frameworks";
				PRODUCT_BUNDLE_IDENTIFIER = com.jointsky.CZFToolDemoUITests;
				PRODUCT_NAME = "$(TARGET_NAME)";
				TEST_TARGET_NAME = CZFToolDemo;
			};
			name = Debug;
		};
		3984206C1ED4013F0021E0FD /* Release */ = {
			isa = XCBuildConfiguration;
			buildSettings = {
				DEVELOPMENT_TEAM = EDA8EGULN6;
				INFOPLIST_FILE = CZFToolDemoUITests/Info.plist;
				LD_RUNPATH_SEARCH_PATHS = "$(inherited) @executable_path/Frameworks @loader_path/Frameworks";
				PRODUCT_BUNDLE_IDENTIFIER = com.jointsky.CZFToolDemoUITests;
				PRODUCT_NAME = "$(TARGET_NAME)";
				TEST_TARGET_NAME = CZFToolDemo;
			};
			name = Release;
		};
/* End XCBuildConfiguration section */

/* Begin XCConfigurationList section */
		398420321ED4013F0021E0FD /* Build configuration list for PBXProject "CZFToolDemo" */ = {
			isa = XCConfigurationList;
			buildConfigurations = (
				398420621ED4013F0021E0FD /* Debug */,
				398420631ED4013F0021E0FD /* Release */,
			);
			defaultConfigurationIsVisible = 0;
			defaultConfigurationName = Release;
		};
		398420641ED4013F0021E0FD /* Build configuration list for PBXNativeTarget "CZFToolDemo" */ = {
			isa = XCConfigurationList;
			buildConfigurations = (
				398420651ED4013F0021E0FD /* Debug */,
				398420661ED4013F0021E0FD /* Release */,
			);
			defaultConfigurationIsVisible = 0;
			defaultConfigurationName = Release;
		};
		398420671ED4013F0021E0FD /* Build configuration list for PBXNativeTarget "CZFToolDemoTests" */ = {
			isa = XCConfigurationList;
			buildConfigurations = (
				398420681ED4013F0021E0FD /* Debug */,
				398420691ED4013F0021E0FD /* Release */,
			);
			defaultConfigurationIsVisible = 0;
			defaultConfigurationName = Release;
		};
		3984206A1ED4013F0021E0FD /* Build configuration list for PBXNativeTarget "CZFToolDemoUITests" */ = {
			isa = XCConfigurationList;
			buildConfigurations = (
				3984206B1ED4013F0021E0FD /* Debug */,
				3984206C1ED4013F0021E0FD /* Release */,
			);
			defaultConfigurationIsVisible = 0;
			defaultConfigurationName = Release;
		};
/* End XCConfigurationList section */
	};
	rootObject = 3984202F1ED4013F0021E0FD /* Project object */;
}
